
Microsoft Visual Studio Solution File, Format Version 12.00
# Visual Studio 2015
Project("{FAE04EC0-301F-11D3-BF4B-00C04F79EFBC}") = "GGJ 2018 Anti Virus", "GGJ 2018 Anti Virus.csproj", "{494677D1-86D4-DE85-EF09-9C47916740DF}"
EndProject
Global
	GlobalSection(SolutionConfigurationPlatforms) = preSolution
		Debug|Any CPU = Debug|Any CPU
		Release|Any CPU = Release|Any CPU
	EndGlobalSection
	GlobalSection(ProjectConfigurationPlatforms) = postSolution
		{494677D1-86D4-DE85-EF09-9C47916740DF}.Debug|Any CPU.ActiveCfg = Debug|Any CPU
		{494677D1-86D4-DE85-EF09-9C47916740DF}.Debug|Any CPU.Build.0 = Debug|Any CPU
		{494677D1-86D4-DE85-EF09-9C47916740DF}.Release|Any CPU.ActiveCfg = Release|Any CPU
		{494677D1-86D4-DE85-EF09-9C47916740DF}.Release|Any CPU.Build.0 = Release|Any CPU
	EndGlobalSection
	GlobalSection(SolutionProperties) = preSolution
		HideSolutionNode = FALSE
	EndGlobalSection
EndGlobal
